// !$*UTF8*$!
{archiveVersion = 1; classes = {}; objectVersion = 56; objects = {
3825892C20508F941003386D = {isa = PBXFileReference;lastKnownFileType = sourcecode.swift;path = "WristMagiciOS/App/WristMagicApp.swift";sourceTree = SOURCE_ROOT;};
E2574D24FF474D0AD660DE3F = {isa = PBXFileReference;lastKnownFileType = sourcecode.swift;path = "WristMagicWatch/App/WristMagicWatchApp.swift";sourceTree = SOURCE_ROOT;};
D0E123D9DE8CC5454C3278AB = {isa = PBXFileReference;lastKnownFileType = sourcecode.swift;path = "Tests/iOS/CoreImportTests.swift";sourceTree = SOURCE_ROOT;};
6FC6575DFABBBBFB6DC5B8E4 = {isa = PBXFileReference;lastKnownFileType = sourcecode.swift;path = "Tests/Watch/CoreImportTests.swift";sourceTree = SOURCE_ROOT;};
02FCC5455942B4C0C96C9010 = {isa = PBXFileReference;lastKnownFileType = sourcecode.swift;path = "Tests/Fixtures/TestFactory.swift";sourceTree = SOURCE_ROOT;};
582681C2EAE02B3F3D399C0C = {isa = XCLocalSwiftPackageReference;relativePath = Packages/WristMagicCore;};
9CDE1EB24F90B69532499099 = {isa = PBXFileReference;explicitFileType = wrapper.application;includeInIndex = 0;path = "WristMagiciOS.app";sourceTree = BUILT_PRODUCTS_DIR;};
062C1EEF15A2F65D74BBD182 = {isa = PBXBuildFile;fileRef = 3825892C20508F941003386D;};
7651A91E3F76A44CB97230CE = {isa = PBXSourcesBuildPhase;buildActionMask = 2147483647;files = (062C1EEF15A2F65D74BBD182,);runOnlyForDeploymentPostprocessing = 0;};
EB7412F54AAEBE8351C0520C = {isa = XCSwiftPackageProductDependency;package = 582681C2EAE02B3F3D399C0C;productName = WristMagicCore;};
CFB5DF80457F00E2E1449339 = {isa = PBXBuildFile;productRef = EB7412F54AAEBE8351C0520C;};
D221E58FCB66C9582ED392A6 = {isa = PBXFrameworksBuildPhase;buildActionMask = 2147483647;files = (CFB5DF80457F00E2E1449339,);runOnlyForDeploymentPostprocessing = 0;};
CD3F59477ACB0A74B30FB732 = {isa = PBXBuildFile;fileRef = 40A08CD9D1A4F723AF7844B0;settings = {ATTRIBUTES = (RemoveHeadersOnCopy,);};};
1535F4FC5E77E060A33841EF = {isa = PBXCopyFilesBuildPhase;buildActionMask = 2147483647;dstPath = "$(CONTENTS_FOLDER_PATH)/Watch";dstSubfolderSpec = 16;files = (CD3F59477ACB0A74B30FB732,);name = "Embed Watch Content";runOnlyForDeploymentPostprocessing = 0;};
670D34D486D4143501C70D55 = {isa = PBXContainerItemProxy;containerPortal = 98F54143AB4E86B28C3AFEE0;proxyType = 1;remoteGlobalIDString = 096F13656B19B99E63302EBA;remoteInfo = WristMagicWatch;};
951D6738C015F691F40A72B0 = {isa = PBXTargetDependency;target = 096F13656B19B99E63302EBA;targetProxy = 670D34D486D4143501C70D55;};
D0E845171C28C55096CCDB5D = {isa = XCBuildConfiguration;buildSettings = {SWIFT_VERSION = 6.0;SDKROOT = iphoneos;SUPPORTED_PLATFORMS = "iphoneos iphonesimulator";TARGETED_DEVICE_FAMILY = "1";GENERATE_INFOPLIST_FILE = YES;PRODUCT_NAME = "$(TARGET_NAME)";PRODUCT_BUNDLE_IDENTIFIER = "io.github.geekjourneyx.wristmagic";CODE_SIGN_STYLE = Automatic;WATCHOS_DEPLOYMENT_TARGET = 10.0;IPHONEOS_DEPLOYMENT_TARGET = 17.0;INFOPLIST_KEY_CFBundleDisplayName = "腕术";MARKETING_VERSION = 0.1.0;CURRENT_PROJECT_VERSION = 1;INFOPLIST_KEY_UILaunchScreen_Generation = YES;INFOPLIST_KEY_UISupportedInterfaceOrientations = UIInterfaceOrientationPortrait;SWIFT_OPTIMIZATION_LEVEL = "-Onone";};name = Debug;};
D74832F08D4B73AA58EDB0F2 = {isa = XCBuildConfiguration;buildSettings = {SWIFT_VERSION = 6.0;SDKROOT = iphoneos;SUPPORTED_PLATFORMS = "iphoneos iphonesimulator";TARGETED_DEVICE_FAMILY = "1";GENERATE_INFOPLIST_FILE = YES;PRODUCT_NAME = "$(TARGET_NAME)";PRODUCT_BUNDLE_IDENTIFIER = "io.github.geekjourneyx.wristmagic";CODE_SIGN_STYLE = Automatic;WATCHOS_DEPLOYMENT_TARGET = 10.0;IPHONEOS_DEPLOYMENT_TARGET = 17.0;INFOPLIST_KEY_CFBundleDisplayName = "腕术";MARKETING_VERSION = 0.1.0;CURRENT_PROJECT_VERSION = 1;INFOPLIST_KEY_UILaunchScreen_Generation = YES;INFOPLIST_KEY_UISupportedInterfaceOrientations = UIInterfaceOrientationPortrait;SWIFT_OPTIMIZATION_LEVEL = "-O";};name = Release;};
912450BCA1CD124871066CB8 = {isa = XCConfigurationList;buildConfigurations = (D0E845171C28C55096CCDB5D,D74832F08D4B73AA58EDB0F2,);defaultConfigurationIsVisible = 0;defaultConfigurationName = Release;};
CC086D2F45DE160406D22427 = {isa = PBXNativeTarget;buildConfigurationList = 912450BCA1CD124871066CB8;buildPhases = (7651A91E3F76A44CB97230CE,D221E58FCB66C9582ED392A6,1535F4FC5E77E060A33841EF,);buildRules = ();dependencies = (951D6738C015F691F40A72B0,);name = WristMagiciOS;packageProductDependencies = (EB7412F54AAEBE8351C0520C,);productName = WristMagiciOS;productReference = 9CDE1EB24F90B69532499099;productType = "com.apple.product-type.application";};
40A08CD9D1A4F723AF7844B0 = {isa = PBXFileReference;explicitFileType = wrapper.application;includeInIndex = 0;path = "WristMagicWatch.app";sourceTree = BUILT_PRODUCTS_DIR;};
F967982C4432F1B48931BFFF = {isa = PBXBuildFile;fileRef = E2574D24FF474D0AD660DE3F;};
CFFFF1CC03A7BE6491DA260A = {isa = PBXSourcesBuildPhase;buildActionMask = 2147483647;files = (F967982C4432F1B48931BFFF,);runOnlyForDeploymentPostprocessing = 0;};
73DB63CE1FB215F4A1BA2D25 = {isa = XCSwiftPackageProductDependency;package = 582681C2EAE02B3F3D399C0C;productName = WristMagicCore;};
2B844EBBE85D037B1DD9A195 = {isa = PBXBuildFile;productRef = 73DB63CE1FB215F4A1BA2D25;};
DAEC1575A4AE06AE5E981A07 = {isa = PBXFrameworksBuildPhase;buildActionMask = 2147483647;files = (2B844EBBE85D037B1DD9A195,);runOnlyForDeploymentPostprocessing = 0;};
E301B73AED976115F5EC8B61 = {isa = XCBuildConfiguration;buildSettings = {SWIFT_VERSION = 6.0;SDKROOT = watchos;SUPPORTED_PLATFORMS = "watchos watchsimulator";TARGETED_DEVICE_FAMILY = "4";GENERATE_INFOPLIST_FILE = YES;PRODUCT_NAME = "$(TARGET_NAME)";PRODUCT_BUNDLE_IDENTIFIER = "io.github.geekjourneyx.wristmagic.watchkitapp";CODE_SIGN_STYLE = Automatic;WATCHOS_DEPLOYMENT_TARGET = 10.0;IPHONEOS_DEPLOYMENT_TARGET = 17.0;INFOPLIST_KEY_CFBundleDisplayName = "腕术";MARKETING_VERSION = 0.1.0;CURRENT_PROJECT_VERSION = 1;INFOPLIST_KEY_WKApplication = YES;INFOPLIST_KEY_WKCompanionAppBundleIdentifier = io.github.geekjourneyx.wristmagic;INFOPLIST_KEY_WKRunsIndependentlyOfCompanionApp = YES;SKIP_INSTALL = YES;SWIFT_OPTIMIZATION_LEVEL = "-Onone";};name = Debug;};
E52B9DB2722A270219D88FAF = {isa = XCBuildConfiguration;buildSettings = {SWIFT_VERSION = 6.0;SDKROOT = watchos;SUPPORTED_PLATFORMS = "watchos watchsimulator";TARGETED_DEVICE_FAMILY = "4";GENERATE_INFOPLIST_FILE = YES;PRODUCT_NAME = "$(TARGET_NAME)";PRODUCT_BUNDLE_IDENTIFIER = "io.github.geekjourneyx.wristmagic.watchkitapp";CODE_SIGN_STYLE = Automatic;WATCHOS_DEPLOYMENT_TARGET = 10.0;IPHONEOS_DEPLOYMENT_TARGET = 17.0;INFOPLIST_KEY_CFBundleDisplayName = "腕术";MARKETING_VERSION = 0.1.0;CURRENT_PROJECT_VERSION = 1;INFOPLIST_KEY_WKApplication = YES;INFOPLIST_KEY_WKCompanionAppBundleIdentifier = io.github.geekjourneyx.wristmagic;INFOPLIST_KEY_WKRunsIndependentlyOfCompanionApp = YES;SKIP_INSTALL = YES;SWIFT_OPTIMIZATION_LEVEL = "-O";};name = Release;};
64FB3B53AA5C7D9E4C824875 = {isa = XCConfigurationList;buildConfigurations = (E301B73AED976115F5EC8B61,E52B9DB2722A270219D88FAF,);defaultConfigurationIsVisible = 0;defaultConfigurationName = Release;};
096F13656B19B99E63302EBA = {isa = PBXNativeTarget;buildConfigurationList = 64FB3B53AA5C7D9E4C824875;buildPhases = (CFFFF1CC03A7BE6491DA260A,DAEC1575A4AE06AE5E981A07,);buildRules = ();dependencies = ();name = WristMagicWatch;packageProductDependencies = (73DB63CE1FB215F4A1BA2D25,);productName = WristMagicWatch;productReference = 40A08CD9D1A4F723AF7844B0;productType = "com.apple.product-type.application";};
E611C3F3C4C488CCBDAD555E = {isa = PBXFileReference;explicitFileType = wrapper.cfbundle;includeInIndex = 0;path = "WristMagiciOSTests.xctest";sourceTree = BUILT_PRODUCTS_DIR;};
E2A17F8D535912874B2D7B3D = {isa = PBXBuildFile;fileRef = D0E123D9DE8CC5454C3278AB;};
0F5D009A2BFBE34E35DE6CD0 = {isa = PBXBuildFile;fileRef = 02FCC5455942B4C0C96C9010;};
826E47AD4DCE52AC3E51C4FE = {isa = PBXSourcesBuildPhase;buildActionMask = 2147483647;files = (E2A17F8D535912874B2D7B3D,0F5D009A2BFBE34E35DE6CD0,);runOnlyForDeploymentPostprocessing = 0;};
283C2089D0FD4F24F5B5DF72 = {isa = XCSwiftPackageProductDependency;package = 582681C2EAE02B3F3D399C0C;productName = WristMagicCore;};
3D248FF599F38BC8275D377A = {isa = PBXBuildFile;productRef = 283C2089D0FD4F24F5B5DF72;};
485548FE6D17AC3AE4EDDDAA = {isa = PBXFrameworksBuildPhase;buildActionMask = 2147483647;files = (3D248FF599F38BC8275D377A,);runOnlyForDeploymentPostprocessing = 0;};
542D4EABCF1B428A8CD5D4AC = {isa = XCBuildConfiguration;buildSettings = {SWIFT_VERSION = 6.0;SDKROOT = iphoneos;SUPPORTED_PLATFORMS = "iphoneos iphonesimulator";TARGETED_DEVICE_FAMILY = "1";GENERATE_INFOPLIST_FILE = YES;PRODUCT_NAME = "$(TARGET_NAME)";PRODUCT_BUNDLE_IDENTIFIER = "io.github.geekjourneyx.wristmagic.tests";CODE_SIGN_STYLE = Automatic;WATCHOS_DEPLOYMENT_TARGET = 10.0;IPHONEOS_DEPLOYMENT_TARGET = 17.0;SWIFT_OPTIMIZATION_LEVEL = "-Onone";};name = Debug;};
5A8F20276BE0CB037547E914 = {isa = XCBuildConfiguration;buildSettings = {SWIFT_VERSION = 6.0;SDKROOT = iphoneos;SUPPORTED_PLATFORMS = "iphoneos iphonesimulator";TARGETED_DEVICE_FAMILY = "1";GENERATE_INFOPLIST_FILE = YES;PRODUCT_NAME = "$(TARGET_NAME)";PRODUCT_BUNDLE_IDENTIFIER = "io.github.geekjourneyx.wristmagic.tests";CODE_SIGN_STYLE = Automatic;WATCHOS_DEPLOYMENT_TARGET = 10.0;IPHONEOS_DEPLOYMENT_TARGET = 17.0;SWIFT_OPTIMIZATION_LEVEL = "-O";};name = Release;};
E641375C3F45018CA845E9C2 = {isa = XCConfigurationList;buildConfigurations = (542D4EABCF1B428A8CD5D4AC,5A8F20276BE0CB037547E914,);defaultConfigurationIsVisible = 0;defaultConfigurationName = Release;};
1E9434CD93F74AD100DBB8CC = {isa = PBXNativeTarget;buildConfigurationList = E641375C3F45018CA845E9C2;buildPhases = (826E47AD4DCE52AC3E51C4FE,485548FE6D17AC3AE4EDDDAA,);buildRules = ();dependencies = ();name = WristMagiciOSTests;packageProductDependencies = (283C2089D0FD4F24F5B5DF72,);productName = WristMagiciOSTests;productReference = E611C3F3C4C488CCBDAD555E;productType = "com.apple.product-type.bundle.unit-test";};
94CC816E34935CC3FB64287A = {isa = PBXFileReference;explicitFileType = wrapper.cfbundle;includeInIndex = 0;path = "WristMagicWatchTests.xctest";sourceTree = BUILT_PRODUCTS_DIR;};
83642C0B267B9F77503ACBF1 = {isa = PBXBuildFile;fileRef = 6FC6575DFABBBBFB6DC5B8E4;};
AA2CE6329FCF70D79FC242CD = {isa = PBXBuildFile;fileRef = 02FCC5455942B4C0C96C9010;};
51A9850643B5158DEF62090C = {isa = PBXSourcesBuildPhase;buildActionMask = 2147483647;files = (83642C0B267B9F77503ACBF1,AA2CE6329FCF70D79FC242CD,);runOnlyForDeploymentPostprocessing = 0;};
DBFDF03AF0CA947267153316 = {isa = XCSwiftPackageProductDependency;package = 582681C2EAE02B3F3D399C0C;productName = WristMagicCore;};
D07FE8C26732F600FEB5212E = {isa = PBXBuildFile;productRef = DBFDF03AF0CA947267153316;};
6D03C3E05EA86DA61FB59991 = {isa = PBXFrameworksBuildPhase;buildActionMask = 2147483647;files = (D07FE8C26732F600FEB5212E,);runOnlyForDeploymentPostprocessing = 0;};
54E20C94A289724723391EE8 = {isa = PBXContainerItemProxy;containerPortal = 98F54143AB4E86B28C3AFEE0;proxyType = 1;remoteGlobalIDString = 096F13656B19B99E63302EBA;remoteInfo = WristMagicWatch;};
6BC073558AFC12E92E5BBF68 = {isa = PBXTargetDependency;target = 096F13656B19B99E63302EBA;targetProxy = 54E20C94A289724723391EE8;};
FE40E9B9FA48142A18E4D731 = {isa = XCBuildConfiguration;buildSettings = {SWIFT_VERSION = 6.0;SDKROOT = watchos;SUPPORTED_PLATFORMS = "watchos watchsimulator";TARGETED_DEVICE_FAMILY = "4";GENERATE_INFOPLIST_FILE = YES;PRODUCT_NAME = "$(TARGET_NAME)";PRODUCT_BUNDLE_IDENTIFIER = "io.github.geekjourneyx.wristmagic.watchkitapp.tests";CODE_SIGN_STYLE = Automatic;WATCHOS_DEPLOYMENT_TARGET = 10.0;IPHONEOS_DEPLOYMENT_TARGET = 17.0;TEST_HOST = "$(BUILT_PRODUCTS_DIR)/WristMagicWatch.app/WristMagicWatch";BUNDLE_LOADER = "$(TEST_HOST)";SWIFT_OPTIMIZATION_LEVEL = "-Onone";};name = Debug;};
F821FC6D55ADD756A7ABCF2C = {isa = XCBuildConfiguration;buildSettings = {SWIFT_VERSION = 6.0;SDKROOT = watchos;SUPPORTED_PLATFORMS = "watchos watchsimulator";TARGETED_DEVICE_FAMILY = "4";GENERATE_INFOPLIST_FILE = YES;PRODUCT_NAME = "$(TARGET_NAME)";PRODUCT_BUNDLE_IDENTIFIER = "io.github.geekjourneyx.wristmagic.watchkitapp.tests";CODE_SIGN_STYLE = Automatic;WATCHOS_DEPLOYMENT_TARGET = 10.0;IPHONEOS_DEPLOYMENT_TARGET = 17.0;TEST_HOST = "$(BUILT_PRODUCTS_DIR)/WristMagicWatch.app/WristMagicWatch";BUNDLE_LOADER = "$(TEST_HOST)";SWIFT_OPTIMIZATION_LEVEL = "-O";};name = Release;};
40EE3FA3D64237E176C52B9E = {isa = XCConfigurationList;buildConfigurations = (FE40E9B9FA48142A18E4D731,F821FC6D55ADD756A7ABCF2C,);defaultConfigurationIsVisible = 0;defaultConfigurationName = Release;};
922C8D6522170642CC4B8963 = {isa = PBXNativeTarget;buildConfigurationList = 40EE3FA3D64237E176C52B9E;buildPhases = (51A9850643B5158DEF62090C,6D03C3E05EA86DA61FB59991,);buildRules = ();dependencies = (6BC073558AFC12E92E5BBF68,);name = WristMagicWatchTests;packageProductDependencies = (DBFDF03AF0CA947267153316,);productName = WristMagicWatchTests;productReference = 94CC816E34935CC3FB64287A;productType = "com.apple.product-type.bundle.unit-test";};
FBDC4F23F93125BBEEAE800C = {isa = PBXGroup;children = (9CDE1EB24F90B69532499099,40A08CD9D1A4F723AF7844B0,E611C3F3C4C488CCBDAD555E,94CC816E34935CC3FB64287A,);name = Products;sourceTree = "<group>";};
B28B7AF69320201D1CF206EB = {isa = PBXGroup;children = (3825892C20508F941003386D,E2574D24FF474D0AD660DE3F,D0E123D9DE8CC5454C3278AB,6FC6575DFABBBBFB6DC5B8E4,02FCC5455942B4C0C96C9010,FBDC4F23F93125BBEEAE800C,);sourceTree = "<group>";};
89E1FD6268CC0F221A2BE178 = {isa = XCBuildConfiguration;buildSettings = {CLANG_ENABLE_MODULES = YES; SWIFT_STRICT_CONCURRENCY = complete;};name = Debug;};
E6DE6C99132752C914FEF632 = {isa = XCBuildConfiguration;buildSettings = {CLANG_ENABLE_MODULES = YES; SWIFT_STRICT_CONCURRENCY = complete;};name = Release;};
862894B703A6DEDF96A9DD6C = {isa = XCConfigurationList;buildConfigurations = (89E1FD6268CC0F221A2BE178,E6DE6C99132752C914FEF632,);defaultConfigurationIsVisible = 0;defaultConfigurationName = Release;};
98F54143AB4E86B28C3AFEE0 = {isa = PBXProject;attributes = {LastUpgradeCheck = 1600; TargetAttributes = {922C8D6522170642CC4B8963 = {TestTargetID = 096F13656B19B99E63302EBA;};};};buildConfigurationList = 862894B703A6DEDF96A9DD6C;compatibilityVersion = "Xcode 14.0";developmentRegion = en;hasScannedForEncodings = 0;knownRegions = (en,Base,zh-Hans);mainGroup = B28B7AF69320201D1CF206EB;packageReferences = (582681C2EAE02B3F3D399C0C,);productRefGroup = FBDC4F23F93125BBEEAE800C;projectDirPath = "";projectRoot = "";targets = (CC086D2F45DE160406D22427,096F13656B19B99E63302EBA,1E9434CD93F74AD100DBB8CC,922C8D6522170642CC4B8963,);};
}; rootObject = 98F54143AB4E86B28C3AFEE0;}
